{
  "originHash" : "22a654c6b562879057d7eba18449ad2af8c6ee712bde89f59e81234037999ef5",
  "pins" : [
    {
      "identity" : "fmdb",
      "kind" : "remoteSourceControl",
      "location" : "https://github.com/ccgus/fmdb.git",
      "state" : {
        "revision" : "1227a3fa2b9916bfd75fe380eb45cd210e69e251",
        "version" : "2.7.12"
      }
    },
    {
      "identity" : "sqlite.swift",
      "kind" : "remoteSourceControl",
      "location" : "https://github.com/stephencelis/SQLite.swift",
      "state" : {
        "revision" : "a95fc6df17d108bd99210db5e8a9bac90fe984b8",
        "version" : "0.15.3"
      }
    }
  ],
  "version" : 3
}
